PODS:
  - Mapbox-iOS-SDK (4.9.0)
  - Squeal (1.2.0)
  - SwiftTurf (0.3.3)

DEPENDENCIES:
  - Mapbox-iOS-SDK (~> 4.9)
  - Squeal (~> 1.2)
  - SwiftTurf (~> 0.3.3)

SPEC REPOS:
  https://github.com/cocoapods/specs.git:
    - Mapbox-iOS-SDK
    - Squeal
    - SwiftTurf

SPEC CHECKSUMS:
  Mapbox-iOS-SDK: 225036950837cbe408e6b333e51cd6001c122499
  Squeal: f6ca46fb5b7b24c03b0e8c729b038bc4ca964241
  SwiftTurf: 340da9dbf60fe7ded0cac158657ec463269d581c

PODFILE CHECKSUM: ed7fc5bdb0d02042bcedb673f4eafbe05179d3cd

COCOAPODS: 1.5.3
